
Microsoft Visual Studio Solution File, Format Version 10.00
# Visual Studio 2008
Project("{F184B08F-C81C-45F6-A57F-5ABD9991F28F}") = "Karate", "jinesh\Karate.vbproj", "{609A2FA6-0327-4B50-B869-2A8AD51259DB}"
EndProject
Global
	GlobalSection(SolutionConfigurationPlatforms) = preSolution
		Debug|Any CPU = Debug|Any CPU
		Release|Any CPU = Release|Any CPU
	EndGlobalSection
	GlobalSection(ProjectConfigurationPlatforms) = postSolution
		{609A2FA6-0327-4B50-B869-2A8AD51259DB}.Debug|Any CPU.ActiveCfg = Debug|Any CPU
		{609A2FA6-0327-4B50-B869-2A8AD51259DB}.Debug|Any CPU.Build.0 = Debug|Any CPU
		{609A2FA6-0327-4B50-B869-2A8AD51259DB}.Release|Any CPU.ActiveCfg = Release|Any CPU
		{609A2FA6-0327-4B50-B869-2A8AD51259DB}.Release|Any CPU.Build.0 = Release|Any CPU
	EndGlobalSection
	GlobalSection(SolutionProperties) = preSolution
		HideSolutionNode = FALSE
	EndGlobalSection
EndGlobal
