
Microsoft Visual Studio Solution File, Format Version 10.00
# Visual Studio 2008
Project("{FAE04EC0-301F-11D3-BF4B-00C04F79EFBC}") = "Blood Bank Management System", "Blood Bank Management System.csproj", "{AA1F7E6E-5270-4CF2-8CBA-0610F93D3322}"
EndProject
Project("{54435603-DBB4-11D2-8724-00A0C9A8B90C}") = "BloodBank", "..\BloodBank\BloodBank.vdproj", "{B276E6E2-744A-4BF2-A1AD-218575F391F2}"
EndProject
Global
	GlobalSection(SolutionConfigurationPlatforms) = preSolution
		Debug|Any CPU = Debug|Any CPU
		Release|Any CPU = Release|Any CPU
	EndGlobalSection
	GlobalSection(ProjectConfigurationPlatforms) = postSolution
		{AA1F7E6E-5270-4CF2-8CBA-0610F93D3322}.Debug|Any CPU.ActiveCfg = Debug|Any CPU
		{AA1F7E6E-5270-4CF2-8CBA-0610F93D3322}.Debug|Any CPU.Build.0 = Debug|Any CPU
		{AA1F7E6E-5270-4CF2-8CBA-0610F93D3322}.Release|Any CPU.ActiveCfg = Release|Any CPU
		{AA1F7E6E-5270-4CF2-8CBA-0610F93D3322}.Release|Any CPU.Build.0 = Release|Any CPU
		{B276E6E2-744A-4BF2-A1AD-218575F391F2}.Debug|Any CPU.ActiveCfg = Debug
		{B276E6E2-744A-4BF2-A1AD-218575F391F2}.Release|Any CPU.ActiveCfg = Release
	EndGlobalSection
	GlobalSection(SolutionProperties) = preSolution
		HideSolutionNode = FALSE
	EndGlobalSection
EndGlobal
