
Microsoft Visual Studio Solution File, Format Version 11.00
# Visual Studio 2010
Project("{FAE04EC0-301F-11D3-BF4B-00C04F79EFBC}") = "SangliTradingCompany", "SangliTradingCompany\SangliTradingCompany.csproj", "{50B30CE8-BEAE-4B8A-848A-A0170FA4F96C}"
EndProject
Global
	GlobalSection(SolutionConfigurationPlatforms) = preSolution
		Debug|x86 = Debug|x86
		Release|x86 = Release|x86
	EndGlobalSection
	GlobalSection(ProjectConfigurationPlatforms) = postSolution
		{50B30CE8-BEAE-4B8A-848A-A0170FA4F96C}.Debug|x86.ActiveCfg = Debug|x86
		{50B30CE8-BEAE-4B8A-848A-A0170FA4F96C}.Debug|x86.Build.0 = Debug|x86
		{50B30CE8-BEAE-4B8A-848A-A0170FA4F96C}.Release|x86.ActiveCfg = Release|x86
		{50B30CE8-BEAE-4B8A-848A-A0170FA4F96C}.Release|x86.Build.0 = Release|x86
	EndGlobalSection
	GlobalSection(SolutionProperties) = preSolution
		HideSolutionNode = FALSE
	EndGlobalSection
EndGlobal
